// !$*UTF8*$!
{
	archiveVersion = 1;
	classes = {
	};
	objectVersion = 46;
	objects = {

/* Begin PBXBuildFile section */
		144797E520738BB40055EE5B /* Floh_AssignmentTests.swift in Sources */ = {isa = PBXBuildFile; fileRef = 144797E420738BB40055EE5B /* Floh_AssignmentTests.swift */; };
		146CD4CD1ECCC52400AF7A38 /* Tweet.swift in Sources */ = {isa = PBXBuildFile; fileRef = 146CD4CC1ECCC52400AF7A38 /* Tweet.swift */; };
		7A2FBB6B1ECECCAC00D8E2D9 /* LoadMoreTableViewCell.swift in Sources */ = {isa = PBXBuildFile; fileRef = 7A2FBB6A1ECECCAC00D8E2D9 /* LoadMoreTableViewCell.swift */; };
		7A3F9E3C1ECD7B3C002B54FE /* TweetTableViewCell.swift in Sources */ = {isa = PBXBuildFile; fileRef = 7A3F9E3B1ECD7B3C002B54FE /* TweetTableViewCell.swift */; };
		7A3F9E3E1ECD7FEF002B54FE /* ImageLoader.swift in Sources */ = {isa = PBXBuildFile; fileRef = 7A3F9E3D1ECD7FEF002B54FE /* ImageLoader.swift */; };
		7A3F9E401ECD9E51002B54FE /* ShadowView.swift in Sources */ = {isa = PBXBuildFile; fileRef = 7A3F9E3F1ECD9E51002B54FE /* ShadowView.swift */; };
		7AAB84311ECC50BE00497F77 /* AppDelegate.swift in Sources */ = {isa = PBXBuildFile; fileRef = 7AAB84301ECC50BE00497F77 /* AppDelegate.swift */; };
		7AAB84361ECC50BE00497F77 /* Main.storyboard in Resources */ = {isa = PBXBuildFile; fileRef = 7AAB84341ECC50BE00497F77 /* Main.storyboard */; };
		7AAB84381ECC50BE00497F77 /* Assets.xcassets in Resources */ = {isa = PBXBuildFile; fileRef = 7AAB84371ECC50BE00497F77 /* Assets.xcassets */; };
		7AAB843B1ECC50BE00497F77 /* LaunchScreen.storyboard in Resources */ = {isa = PBXBuildFile; fileRef = 7AAB84391ECC50BE00497F77 /* LaunchScreen.storyboard */; };
		7AAB84471ECC519100497F77 /* HomeTableViewController.swift in Sources */ = {isa = PBXBuildFile; fileRef = 7AAB84461ECC519100497F77 /* HomeTableViewController.swift */; };
		7AAB84491ECC533F00497F77 /* FetchTweetWebService.swift in Sources */ = {isa = PBXBuildFile; fileRef = 7AAB84481ECC533F00497F77 /* FetchTweetWebService.swift */; };
		7AAB844B1ECC5D0100497F77 /* TwitterData.swift in Sources */ = {isa = PBXBuildFile; fileRef = 7AAB844A1ECC5D0100497F77 /* TwitterData.swift */; };
		7AAB844D1ECC5E4E00497F77 /* API.plist in Resources */ = {isa = PBXBuildFile; fileRef = 7AAB844C1ECC5E4E00497F77 /* API.plist */; };
/* End PBXBuildFile section */

/* Begin PBXContainerItemProxy section */
		144797E720738BB40055EE5B /* PBXContainerItemProxy */ = {
			isa = PBXContainerItemProxy;
			containerPortal = 7AAB84251ECC50BD00497F77 /* Project object */;
			proxyType = 1;
			remoteGlobalIDString = 7AAB842C1ECC50BD00497F77;
			remoteInfo = "Floh Assignment";
		};
/* End PBXContainerItemProxy section */

/* Begin PBXFileReference section */
		144797E220738BB40055EE5B /* Floh AssignmentTests.xctest */ = {isa = PBXFileReference; explicitFileType = wrapper.cfbundle; includeInIndex = 0; path = "Floh AssignmentTests.xctest"; sourceTree = BUILT_PRODUCTS_DIR; };
		144797E420738BB40055EE5B /* Floh_AssignmentTests.swift */ = {isa = PBXFileReference; lastKnownFileType = sourcecode.swift; path = Floh_AssignmentTests.swift; sourceTree = "<group>"; };
		144797E620738BB40055EE5B /* Info.plist */ = {isa = PBXFileReference; lastKnownFileType = text.plist.xml; path = Info.plist; sourceTree = "<group>"; };
		146CD4CC1ECCC52400AF7A38 /* Tweet.swift */ = {isa = PBXFileReference; fileEncoding = 4; lastKnownFileType = sourcecode.swift; path = Tweet.swift; sourceTree = "<group>"; };
		7A2FBB6A1ECECCAC00D8E2D9 /* LoadMoreTableViewCell.swift */ = {isa = PBXFileReference; fileEncoding = 4; lastKnownFileType = sourcecode.swift; path = LoadMoreTableViewCell.swift; sourceTree = "<group>"; };
		7A3F9E3B1ECD7B3C002B54FE /* TweetTableViewCell.swift */ = {isa = PBXFileReference; fileEncoding = 4; lastKnownFileType = sourcecode.swift; path = TweetTableViewCell.swift; sourceTree = "<group>"; };
		7A3F9E3D1ECD7FEF002B54FE /* ImageLoader.swift */ = {isa = PBXFileReference; fileEncoding = 4; lastKnownFileType = sourcecode.swift; path = ImageLoader.swift; sourceTree = "<group>"; };
		7A3F9E3F1ECD9E51002B54FE /* ShadowView.swift */ = {isa = PBXFileReference; fileEncoding = 4; lastKnownFileType = sourcecode.swift; path = ShadowView.swift; sourceTree = "<group>"; };
		7AAB842D1ECC50BE00497F77 /* Floh Assignment.app */ = {isa = PBXFileReference; explicitFileType = wrapper.application; includeInIndex = 0; path = "Floh Assignment.app"; sourceTree = BUILT_PRODUCTS_DIR; };
		7AAB84301ECC50BE00497F77 /* AppDelegate.swift */ = {isa = PBXFileReference; lastKnownFileType = sourcecode.swift; path = AppDelegate.swift; sourceTree = "<group>"; };
		7AAB84351ECC50BE00497F77 /* Base */ = {isa = PBXFileReference; lastKnownFileType = file.storyboard; name = Base; path = Base.lproj/Main.storyboard; sourceTree = "<group>"; };
		7AAB84371ECC50BE00497F77 /* Assets.xcassets */ = {isa = PBXFileReference; lastKnownFileType = folder.assetcatalog; path = Assets.xcassets; sourceTree = "<group>"; };
		7AAB843A1ECC50BE00497F77 /* Base */ = {isa = PBXFileReference; lastKnownFileType = file.storyboard; name = Base; path = Base.lproj/LaunchScreen.storyboard; sourceTree = "<group>"; };
		7AAB843C1ECC50BE00497F77 /* Info.plist */ = {isa = PBXFileReference; lastKnownFileType = text.plist.xml; path = Info.plist; sourceTree = "<group>"; };
		7AAB84461ECC519100497F77 /* HomeTableViewController.swift */ = {isa = PBXFileReference; fileEncoding = 4; lastKnownFileType = sourcecode.swift; path = HomeTableViewController.swift; sourceTree = "<group>"; };
		7AAB84481ECC533F00497F77 /* FetchTweetWebService.swift */ = {isa = PBXFileReference; fileEncoding = 4; lastKnownFileType = sourcecode.swift; path = FetchTweetWebService.swift; sourceTree = "<group>"; };
		7AAB844A1ECC5D0100497F77 /* TwitterData.swift */ = {isa = PBXFileReference; fileEncoding = 4; lastKnownFileType = sourcecode.swift; path = TwitterData.swift; sourceTree = "<group>"; };
		7AAB844C1ECC5E4E00497F77 /* API.plist */ = {isa = PBXFileReference; fileEncoding = 4; lastKnownFileType = text.plist.xml; path = API.plist; sourceTree = "<group>"; };
/* End PBXFileReference section */

/* Begin PBXFrameworksBuildPhase section */
		144797DF20738BB40055EE5B /* Frameworks */ = {
			isa = PBXFrameworksBuildPhase;
			buildActionMask = 2147483647;
			files = (
			);
			runOnlyForDeploymentPostprocessing = 0;
		};
		7AAB842A1ECC50BD00497F77 /* Frameworks */ = {
			isa = PBXFrameworksBuildPhase;
			buildActionMask = 2147483647;
			files = (
			);
			runOnlyForDeploymentPostprocessing = 0;
		};
/* End PBXFrameworksBuildPhase section */

/* Begin PBXGroup section */
		144797E320738BB40055EE5B /* Floh AssignmentTests */ = {
			isa = PBXGroup;
			children = (
				144797E420738BB40055EE5B /* Floh_AssignmentTests.swift */,
				144797E620738BB40055EE5B /* Info.plist */,
			);
			path = "Floh AssignmentTests";
			sourceTree = "<group>";
		};
		146CD4CE1ECCC52B00AF7A38 /* Modal */ = {
			isa = PBXGroup;
			children = (
				146CD4CC1ECCC52400AF7A38 /* Tweet.swift */,
			);
			name = Modal;
			sourceTree = "<group>";
		};
		146CD4CF1ECCC53200AF7A38 /* Web Service Layer */ = {
			isa = PBXGroup;
			children = (
				7AAB844A1ECC5D0100497F77 /* TwitterData.swift */,
				7AAB84481ECC533F00497F77 /* FetchTweetWebService.swift */,
			);
			name = "Web Service Layer";
			sourceTree = "<group>";
		};
		7A2FBB6C1ECED6A500D8E2D9 /* Cells */ = {
			isa = PBXGroup;
			children = (
				7A3F9E3B1ECD7B3C002B54FE /* TweetTableViewCell.swift */,
				7A2FBB6A1ECECCAC00D8E2D9 /* LoadMoreTableViewCell.swift */,
			);
			name = Cells;
			sourceTree = "<group>";
		};
		7A3F9E411ECDBA26002B54FE /* Helper Classes */ = {
			isa = PBXGroup;
			children = (
				7A3F9E3D1ECD7FEF002B54FE /* ImageLoader.swift */,
				7A3F9E3F1ECD9E51002B54FE /* ShadowView.swift */,
			);
			name = "Helper Classes";
			sourceTree = "<group>";
		};
		7A3F9E421ECDBA2E002B54FE /* Controllers */ = {
			isa = PBXGroup;
			children = (
				7A3F9E431ECDBA3B002B54FE /* Home */,
			);
			name = Controllers;
			sourceTree = "<group>";
		};
		7A3F9E431ECDBA3B002B54FE /* Home */ = {
			isa = PBXGroup;
			children = (
				7A2FBB6C1ECED6A500D8E2D9 /* Cells */,
				7AAB84461ECC519100497F77 /* HomeTableViewController.swift */,
			);
			name = Home;
			sourceTree = "<group>";
		};
		7AAB84241ECC50BD00497F77 = {
			isa = PBXGroup;
			children = (
				7AAB842F1ECC50BE00497F77 /* Floh Assignment */,
				144797E320738BB40055EE5B /* Floh AssignmentTests */,
				7AAB842E1ECC50BE00497F77 /* Products */,
			);
			sourceTree = "<group>";
		};
		7AAB842E1ECC50BE00497F77 /* Products */ = {
			isa = PBXGroup;
			children = (
				7AAB842D1ECC50BE00497F77 /* Floh Assignment.app */,
				144797E220738BB40055EE5B /* Floh AssignmentTests.xctest */,
			);
			name = Products;
			sourceTree = "<group>";
		};
		7AAB842F1ECC50BE00497F77 /* Floh Assignment */ = {
			isa = PBXGroup;
			children = (
				7AAB844C1ECC5E4E00497F77 /* API.plist */,
				7AAB84301ECC50BE00497F77 /* AppDelegate.swift */,
				7A3F9E411ECDBA26002B54FE /* Helper Classes */,
				146CD4CE1ECCC52B00AF7A38 /* Modal */,
				146CD4CF1ECCC53200AF7A38 /* Web Service Layer */,
				7A3F9E421ECDBA2E002B54FE /* Controllers */,
				7AAB84341ECC50BE00497F77 /* Main.storyboard */,
				7AAB84371ECC50BE00497F77 /* Assets.xcassets */,
				7AAB84391ECC50BE00497F77 /* LaunchScreen.storyboard */,
				7AAB843C1ECC50BE00497F77 /* Info.plist */,
			);
			path = "Floh Assignment";
			sourceTree = "<group>";
		};
/* End PBXGroup section */

/* Begin PBXNativeTarget section */
		144797E120738BB40055EE5B /* Floh AssignmentTests */ = {
			isa = PBXNativeTarget;
			buildConfigurationList = 144797EB20738BB40055EE5B /* Build configuration list for PBXNativeTarget "Floh AssignmentTests" */;
			buildPhases = (
				144797DE20738BB40055EE5B /* Sources */,
				144797DF20738BB40055EE5B /* Frameworks */,
				144797E020738BB40055EE5B /* Resources */,
			);
			buildRules = (
			);
			dependencies = (
				144797E820738BB40055EE5B /* PBXTargetDependency */,
			);
			name = "Floh AssignmentTests";
			productName = "Floh AssignmentTests";
			productReference = 144797E220738BB40055EE5B /* Floh AssignmentTests.xctest */;
			productType = "com.apple.product-type.bundle.unit-test";
		};
		7AAB842C1ECC50BD00497F77 /* Floh Assignment */ = {
			isa = PBXNativeTarget;
			buildConfigurationList = 7AAB843F1ECC50BE00497F77 /* Build configuration list for PBXNativeTarget "Floh Assignment" */;
			buildPhases = (
				7AAB84291ECC50BD00497F77 /* Sources */,
				7AAB842A1ECC50BD00497F77 /* Frameworks */,
				7AAB842B1ECC50BD00497F77 /* Resources */,
			);
			buildRules = (
			);
			dependencies = (
			);
			name = "Floh Assignment";
			productName = "Floh Assignment";
			productReference = 7AAB842D1ECC50BE00497F77 /* Floh Assignment.app */;
			productType = "com.apple.product-type.application";
		};
/* End PBXNativeTarget section */

/* Begin PBXProject section */
		7AAB84251ECC50BD00497F77 /* Project object */ = {
			isa = PBXProject;
			attributes = {
				LastSwiftUpdateCheck = 0930;
				LastUpgradeCheck = 0830;
				ORGANIZATIONNAME = "Subhadeep Pal";
				TargetAttributes = {
					144797E120738BB40055EE5B = {
						CreatedOnToolsVersion = 9.3;
						DevelopmentTeam = DSRD6624UQ;
						ProvisioningStyle = Automatic;
						TestTargetID = 7AAB842C1ECC50BD00497F77;
					};
					7AAB842C1ECC50BD00497F77 = {
						CreatedOnToolsVersion = 8.3.2;
						DevelopmentTeam = DSRD6624UQ;
						ProvisioningStyle = Automatic;
					};
				};
			};
			buildConfigurationList = 7AAB84281ECC50BD00497F77 /* Build configuration list for PBXProject "Floh Assignment" */;
			compatibilityVersion = "Xcode 3.2";
			developmentRegion = English;
			hasScannedForEncodings = 0;
			knownRegions = (
				en,
				Base,
			);
			mainGroup = 7AAB84241ECC50BD00497F77;
			productRefGroup = 7AAB842E1ECC50BE00497F77 /* Products */;
			projectDirPath = "";
			projectRoot = "";
			targets = (
				7AAB842C1ECC50BD00497F77 /* Floh Assignment */,
				144797E120738BB40055EE5B /* Floh AssignmentTests */,
			);
		};
/* End PBXProject section */

/* Begin PBXResourcesBuildPhase section */
		144797E020738BB40055EE5B /* Resources */ = {
			isa = PBXResourcesBuildPhase;
			buildActionMask = 2147483647;
			files = (
			);
			runOnlyForDeploymentPostprocessing = 0;
		};
		7AAB842B1ECC50BD00497F77 /* Resources */ = {
			isa = PBXResourcesBuildPhase;
			buildActionMask = 2147483647;
			files = (
				7AAB843B1ECC50BE00497F77 /* LaunchScreen.storyboard in Resources */,
				7AAB844D1ECC5E4E00497F77 /* API.plist in Resources */,
				7AAB84381ECC50BE00497F77 /* Assets.xcassets in Resources */,
				7AAB84361ECC50BE00497F77 /* Main.storyboard in Resources */,
			);
			runOnlyForDeploymentPostprocessing = 0;
		};
/* End PBXResourcesBuildPhase section */

/* Begin PBXSourcesBuildPhase section */
		144797DE20738BB40055EE5B /* Sources */ = {
			isa = PBXSourcesBuildPhase;
			buildActionMask = 2147483647;
			files = (
				144797E520738BB40055EE5B /* Floh_AssignmentTests.swift in Sources */,
			);
			runOnlyForDeploymentPostprocessing = 0;
		};
		7AAB84291ECC50BD00497F77 /* Sources */ = {
			isa = PBXSourcesBuildPhase;
			buildActionMask = 2147483647;
			files = (
				7A3F9E3E1ECD7FEF002B54FE /* ImageLoader.swift in Sources */,
				7AAB84491ECC533F00497F77 /* FetchTweetWebService.swift in Sources */,
				146CD4CD1ECCC52400AF7A38 /* Tweet.swift in Sources */,
				7AAB844B1ECC5D0100497F77 /* TwitterData.swift in Sources */,
				7A3F9E401ECD9E51002B54FE /* ShadowView.swift in Sources */,
				7AAB84471ECC519100497F77 /* HomeTableViewController.swift in Sources */,
				7A2FBB6B1ECECCAC00D8E2D9 /* LoadMoreTableViewCell.swift in Sources */,
				7AAB84311ECC50BE00497F77 /* AppDelegate.swift in Sources */,
				7A3F9E3C1ECD7B3C002B54FE /* TweetTableViewCell.swift in Sources */,
			);
			runOnlyForDeploymentPostprocessing = 0;
		};
/* End PBXSourcesBuildPhase section */

/* Begin PBXTargetDependency section */
		144797E820738BB40055EE5B /* PBXTargetDependency */ = {
			isa = PBXTargetDependency;
			target = 7AAB842C1ECC50BD00497F77 /* Floh Assignment */;
			targetProxy = 144797E720738BB40055EE5B /* PBXContainerItemProxy */;
		};
/* End PBXTargetDependency section */

/* Begin PBXVariantGroup section */
		7AAB84341ECC50BE00497F77 /* Main.storyboard */ = {
			isa = PBXVariantGroup;
			children = (
				7AAB84351ECC50BE00497F77 /* Base */,
			);
			name = Main.storyboard;
			sourceTree = "<group>";
		};
		7AAB84391ECC50BE00497F77 /* LaunchScreen.storyboard */ = {
			isa = PBXVariantGroup;
			children = (
				7AAB843A1ECC50BE00497F77 /* Base */,
			);
			name = LaunchScreen.storyboard;
			sourceTree = "<group>";
		};
/* End PBXVariantGroup section */

/* Begin XCBuildConfiguration section */
		144797E920738BB40055EE5B /* Debug */ = {
			isa = XCBuildConfiguration;
			buildSettings = {
				BUNDLE_LOADER = "$(TEST_HOST)";
				CLANG_CXX_LANGUAGE_STANDARD = "gnu++14";
				CLANG_ENABLE_OBJC_WEAK = YES;
				CLANG_WARN_BLOCK_CAPTURE_AUTORELEASING = YES;
				CLANG_WARN_COMMA = YES;
				CLANG_WARN_DEPRECATED_OBJC_IMPLEMENTATIONS = YES;
				CLANG_WARN_NON_LITERAL_NULL_CONVERSION = YES;
				CLANG_WARN_OBJC_IMPLICIT_RETAIN_SELF = YES;
				CLANG_WARN_OBJC_LITERAL_CONVERSION = YES;
				CLANG_WARN_RANGE_LOOP_ANALYSIS = YES;
				CLANG_WARN_STRICT_PROTOTYPES = YES;
				CLANG_WARN_UNGUARDED_AVAILABILITY = YES_AGGRESSIVE;
				CODE_SIGN_IDENTITY = "iPhone Developer";
				CODE_SIGN_STYLE = Automatic;
				DEVELOPMENT_TEAM = DSRD6624UQ;
				GCC_C_LANGUAGE_STANDARD = gnu11;
				INFOPLIST_FILE = "Floh AssignmentTests/Info.plist";
				IPHONEOS_DEPLOYMENT_TARGET = 11.3;
				LD_RUNPATH_SEARCH_PATHS = "$(inherited) @executable_path/Frameworks @loader_path/Frameworks";
				PRODUCT_BUNDLE_IDENTIFIER = "learning.subhadeep.Floh-AssignmentTests";
				PRODUCT_NAME = "$(TARGET_NAME)";
				SWIFT_VERSION = 4.0;
				TARGETED_DEVICE_FAMILY = "1,2";
				TEST_HOST = "$(BUILT_PRODUCTS_DIR)/Floh Assignment.app/Floh Assignment";
			};
			name = Debug;
		};
		144797EA20738BB40055EE5B /* Release */ = {
			isa = XCBuildConfiguration;
			buildSettings = {
				BUNDLE_LOADER = "$(TEST_HOST)";
				CLANG_CXX_LANGUAGE_STANDARD = "gnu++14";
				CLANG_ENABLE_OBJC_WEAK = YES;
				CLANG_WARN_BLOCK_CAPTURE_AUTORELEASING = YES;
				CLANG_WARN_COMMA = YES;
				CLANG_WARN_DEPRECATED_OBJC_IMPLEMENTATIONS = YES;
				CLANG_WARN_NON_LITERAL_NULL_CONVERSION = YES;
				CLANG_WARN_OBJC_IMPLICIT_RETAIN_SELF = YES;
				CLANG_WARN_OBJC_LITERAL_CONVERSION = YES;
				CLANG_WARN_RANGE_LOOP_ANALYSIS = YES;
				CLANG_WARN_STRICT_PROTOTYPES = YES;
				CLANG_WARN_UNGUARDED_AVAILABILITY = YES_AGGRESSIVE;
				CODE_SIGN_IDENTITY = "iPhone Developer";
				CODE_SIGN_STYLE = Automatic;
				DEVELOPMENT_TEAM = DSRD6624UQ;
				GCC_C_LANGUAGE_STANDARD = gnu11;
				INFOPLIST_FILE = "Floh AssignmentTests/Info.plist";
				IPHONEOS_DEPLOYMENT_TARGET = 11.3;
				LD_RUNPATH_SEARCH_PATHS = "$(inherited) @executable_path/Frameworks @loader_path/Frameworks";
				PRODUCT_BUNDLE_IDENTIFIER = "learning.subhadeep.Floh-AssignmentTests";
				PRODUCT_NAME = "$(TARGET_NAME)";
				SWIFT_VERSION = 4.0;
				TARGETED_DEVICE_FAMILY = "1,2";
				TEST_HOST = "$(BUILT_PRODUCTS_DIR)/Floh Assignment.app/Floh Assignment";
			};
			name = Release;
		};
		7AAB843D1ECC50BE00497F77 /* Debug */ = {
			isa = XCBuildConfiguration;
			buildSettings = {
				ALWAYS_SEARCH_USER_PATHS = NO;
				CLANG_ANALYZER_NONNULL = YES;
				CLANG_ANALYZER_NUMBER_OBJECT_CONVERSION = YES_AGGRESSIVE;
				CLANG_CXX_LANGUAGE_STANDARD = "gnu++0x";
				CLANG_CXX_LIBRARY = "libc++";
				CLANG_ENABLE_MODULES = YES;
				CLANG_ENABLE_OBJC_ARC = YES;
				CLANG_WARN_BOOL_CONVERSION = YES;
				CLANG_WARN_CONSTANT_CONVERSION = YES;
				CLANG_WARN_DIRECT_OBJC_ISA_USAGE = YES_ERROR;
				CLANG_WARN_DOCUMENTATION_COMMENTS = YES;
				CLANG_WARN_EMPTY_BODY = YES;
				CLANG_WARN_ENUM_CONVERSION = YES;
				CLANG_WARN_INFINITE_RECURSION = YES;
				CLANG_WARN_INT_CONVERSION = YES;
				CLANG_WARN_OBJC_ROOT_CLASS = YES_ERROR;
				CLANG_WARN_SUSPICIOUS_MOVE = YES;
				CLANG_WARN_UNREACHABLE_CODE = YES;
				CLANG_WARN__DUPLICATE_METHOD_MATCH = YES;
				"CODE_SIGN_IDENTITY[sdk=iphoneos*]" = "iPhone Developer";
				COPY_PHASE_STRIP = NO;
				DEBUG_INFORMATION_FORMAT = dwarf;
				ENABLE_STRICT_OBJC_MSGSEND = YES;
				ENABLE_TESTABILITY = YES;
				GCC_C_LANGUAGE_STANDARD = gnu99;
				GCC_DYNAMIC_NO_PIC = NO;
				GCC_NO_COMMON_BLOCKS = YES;
				GCC_OPTIMIZATION_LEVEL = 0;
				GCC_PREPROCESSOR_DEFINITIONS = (
					"DEBUG=1",
					"$(inherited)",
				);
				GCC_WARN_64_TO_32_BIT_CONVERSION = YES;
				GCC_WARN_ABOUT_RETURN_TYPE = YES_ERROR;
				GCC_WARN_UNDECLARED_SELECTOR = YES;
				GCC_WARN_UNINITIALIZED_AUTOS = YES_AGGRESSIVE;
				GCC_WARN_UNUSED_FUNCTION = YES;
				GCC_WARN_UNUSED_VARIABLE = YES;
				IPHONEOS_DEPLOYMENT_TARGET = 10.3;
				MTL_ENABLE_DEBUG_INFO = YES;
				ONLY_ACTIVE_ARCH = YES;
				SDKROOT = iphoneos;
				SWIFT_ACTIVE_COMPILATION_CONDITIONS = DEBUG;
				SWIFT_OPTIMIZATION_LEVEL = "-Onone";
			};
			name = Debug;
		};
		7AAB843E1ECC50BE00497F77 /* Release */ = {
			isa = XCBuildConfiguration;
			buildSettings = {
				ALWAYS_SEARCH_USER_PATHS = NO;
				CLANG_ANALYZER_NONNULL = YES;
				CLANG_ANALYZER_NUMBER_OBJECT_CONVERSION = YES_AGGRESSIVE;
				CLANG_CXX_LANGUAGE_STANDARD = "gnu++0x";
				CLANG_CXX_LIBRARY = "libc++";
				CLANG_ENABLE_MODULES = YES;
				CLANG_ENABLE_OBJC_ARC = YES;
				CLANG_WARN_BOOL_CONVERSION = YES;
				CLANG_WARN_CONSTANT_CONVERSION = YES;
				CLANG_WARN_DIRECT_OBJC_ISA_USAGE = YES_ERROR;
				CLANG_WARN_DOCUMENTATION_COMMENTS = YES;
				CLANG_WARN_EMPTY_BODY = YES;
				CLANG_WARN_ENUM_CONVERSION = YES;
				CLANG_WARN_INFINITE_RECURSION = YES;
				CLANG_WARN_INT_CONVERSION = YES;
				CLANG_WARN_OBJC_ROOT_CLASS = YES_ERROR;
				CLANG_WARN_SUSPICIOUS_MOVE = YES;
				CLANG_WARN_UNREACHABLE_CODE = YES;
				CLANG_WARN__DUPLICATE_METHOD_MATCH = YES;
				"CODE_SIGN_IDENTITY[sdk=iphoneos*]" = "iPhone Developer";
				COPY_PHASE_STRIP = NO;
				DEBUG_INFORMATION_FORMAT = "dwarf-with-dsym";
				ENABLE_NS_ASSERTIONS = NO;
				ENABLE_STRICT_OBJC_MSGSEND = YES;
				GCC_C_LANGUAGE_STANDARD = gnu99;
				GCC_NO_COMMON_BLOCKS = YES;
				GCC_WARN_64_TO_32_BIT_CONVERSION = YES;
				GCC_WARN_ABOUT_RETURN_TYPE = YES_ERROR;
				GCC_WARN_UNDECLARED_SELECTOR = YES;
				GCC_WARN_UNINITIALIZED_AUTOS = YES_AGGRESSIVE;
				GCC_WARN_UNUSED_FUNCTION = YES;
				GCC_WARN_UNUSED_VARIABLE = YES;
				IPHONEOS_DEPLOYMENT_TARGET = 10.3;
				MTL_ENABLE_DEBUG_INFO = NO;
				SDKROOT = iphoneos;
				SWIFT_OPTIMIZATION_LEVEL = "-Owholemodule";
				VALIDATE_PRODUCT = YES;
			};
			name = Release;
		};
		7AAB84401ECC50BE00497F77 /* Debug */ = {
			isa = XCBuildConfiguration;
			buildSettings = {
				ASSETCATALOG_COMPILER_APPICON_NAME = AppIcon;
				DEVELOPMENT_TEAM = DSRD6624UQ;
				INFOPLIST_FILE = "Floh Assignment/Info.plist";
				IPHONEOS_DEPLOYMENT_TARGET = 10.0;
				LD_RUNPATH_SEARCH_PATHS = "$(inherited) @executable_path/Frameworks";
				PRODUCT_BUNDLE_IDENTIFIER = "com.learning.subhadeep.Floh-Assignment";
				PRODUCT_NAME = "$(TARGET_NAME)";
				SWIFT_VERSION = 3.0;
			};
			name = Debug;
		};
		7AAB84411ECC50BE00497F77 /* Release */ = {
			isa = XCBuildConfiguration;
			buildSettings = {
				ASSETCATALOG_COMPILER_APPICON_NAME = AppIcon;
				DEVELOPMENT_TEAM = DSRD6624UQ;
				INFOPLIST_FILE = "Floh Assignment/Info.plist";
				IPHONEOS_DEPLOYMENT_TARGET = 10.0;
				LD_RUNPATH_SEARCH_PATHS = "$(inherited) @executable_path/Frameworks";
				PRODUCT_BUNDLE_IDENTIFIER = "com.learning.subhadeep.Floh-Assignment";
				PRODUCT_NAME = "$(TARGET_NAME)";
				SWIFT_VERSION = 3.0;
			};
			name = Release;
		};
/* End XCBuildConfiguration section */

/* Begin XCConfigurationList section */
		144797EB20738BB40055EE5B /* Build configuration list for PBXNativeTarget "Floh AssignmentTests" */ = {
			isa = XCConfigurationList;
			buildConfigurations = (
				144797E920738BB40055EE5B /* Debug */,
				144797EA20738BB40055EE5B /* Release */,
			);
			defaultConfigurationIsVisible = 0;
			defaultConfigurationName = Release;
		};
		7AAB84281ECC50BD00497F77 /* Build configuration list for PBXProject "Floh Assignment" */ = {
			isa = XCConfigurationList;
			buildConfigurations = (
				7AAB843D1ECC50BE00497F77 /* Debug */,
				7AAB843E1ECC50BE00497F77 /* Release */,
			);
			defaultConfigurationIsVisible = 0;
			defaultConfigurationName = Release;
		};
		7AAB843F1ECC50BE00497F77 /* Build configuration list for PBXNativeTarget "Floh Assignment" */ = {
			isa = XCConfigurationList;
			buildConfigurations = (
				7AAB84401ECC50BE00497F77 /* Debug */,
				7AAB84411ECC50BE00497F77 /* Release */,
			);
			defaultConfigurationIsVisible = 0;
			defaultConfigurationName = Release;
		};
/* End XCConfigurationList section */
	};
	rootObject = 7AAB84251ECC50BD00497F77 /* Project object */;
}
